// !$*UTF8*$!
{
	archiveVersion = 1;
	classes = {
	};
	objectVersion = 56;
	objects = {

/* Begin PBXBuildFile section */
		19F2649D29CC638100AFEADB /* URLSessionAndCombineApp.swift in Sources */ = {isa = PBXBuildFile; fileRef = 19F2649C29CC638100AFEADB /* URLSessionAndCombineApp.swift */; };
		19F2649F29CC638100AFEADB /* ContentView.swift in Sources */ = {isa = PBXBuildFile; fileRef = 19F2649E29CC638100AFEADB /* ContentView.swift */; };
		19F264A129CC638200AFEADB /* Assets.xcassets in Resources */ = {isa = PBXBuildFile; fileRef = 19F264A029CC638200AFEADB /* Assets.xcassets */; };
		19F264A429CC638200AFEADB /* Preview Assets.xcassets in Resources */ = {isa = PBXBuildFile; fileRef = 19F264A329CC638200AFEADB /* Preview Assets.xcassets */; };
		19F264AB29CC63BA00AFEADB /* Beer.swift in Sources */ = {isa = PBXBuildFile; fileRef = 19F264AA29CC63BA00AFEADB /* Beer.swift */; };
		19F264AF29CC692400AFEADB /* BeersList.swift in Sources */ = {isa = PBXBuildFile; fileRef = 19F264AE29CC692400AFEADB /* BeersList.swift */; };
		19F264B129CC6A5800AFEADB /* BeerRow.swift in Sources */ = {isa = PBXBuildFile; fileRef = 19F264B029CC6A5800AFEADB /* BeerRow.swift */; };
		19F264B529CC6B9400AFEADB /* BeerViewModel.swift in Sources */ = {isa = PBXBuildFile; fileRef = 19F264B429CC6B9400AFEADB /* BeerViewModel.swift */; };
		19F264B929CC6F3B00AFEADB /* Spinner.swift in Sources */ = {isa = PBXBuildFile; fileRef = 19F264B829CC6F3B00AFEADB /* Spinner.swift */; };
/* End PBXBuildFile section */

/* Begin PBXFileReference section */
		19F2649929CC638100AFEADB /* URLSessionAndCombine.app */ = {isa = PBXFileReference; explicitFileType = wrapper.application; includeInIndex = 0; path = URLSessionAndCombine.app; sourceTree = BUILT_PRODUCTS_DIR; };
		19F2649C29CC638100AFEADB /* URLSessionAndCombineApp.swift */ = {isa = PBXFileReference; lastKnownFileType = sourcecode.swift; path = URLSessionAndCombineApp.swift; sourceTree = "<group>"; };
		19F2649E29CC638100AFEADB /* ContentView.swift */ = {isa = PBXFileReference; lastKnownFileType = sourcecode.swift; path = ContentView.swift; sourceTree = "<group>"; };
		19F264A029CC638200AFEADB /* Assets.xcassets */ = {isa = PBXFileReference; lastKnownFileType = folder.assetcatalog; path = Assets.xcassets; sourceTree = "<group>"; };
		19F264A329CC638200AFEADB /* Preview Assets.xcassets */ = {isa = PBXFileReference; lastKnownFileType = folder.assetcatalog; path = "Preview Assets.xcassets"; sourceTree = "<group>"; };
		19F264AA29CC63BA00AFEADB /* Beer.swift */ = {isa = PBXFileReference; lastKnownFileType = sourcecode.swift; path = Beer.swift; sourceTree = "<group>"; };
		19F264AE29CC692400AFEADB /* BeersList.swift */ = {isa = PBXFileReference; lastKnownFileType = sourcecode.swift; path = BeersList.swift; sourceTree = "<group>"; };
		19F264B029CC6A5800AFEADB /* BeerRow.swift */ = {isa = PBXFileReference; lastKnownFileType = sourcecode.swift; path = BeerRow.swift; sourceTree = "<group>"; };
		19F264B429CC6B9400AFEADB /* BeerViewModel.swift */ = {isa = PBXFileReference; lastKnownFileType = sourcecode.swift; path = BeerViewModel.swift; sourceTree = "<group>"; };
		19F264B829CC6F3B00AFEADB /* Spinner.swift */ = {isa = PBXFileReference; lastKnownFileType = sourcecode.swift; path = Spinner.swift; sourceTree = "<group>"; };
/* End PBXFileReference section */

/* Begin PBXFrameworksBuildPhase section */
		19F2649629CC638100AFEADB /* Frameworks */ = {
			isa = PBXFrameworksBuildPhase;
			buildActionMask = 2147483647;
			files = (
			);
			runOnlyForDeploymentPostprocessing = 0;
		};
/* End PBXFrameworksBuildPhase section */

/* Begin PBXGroup section */
		19F2649029CC638100AFEADB = {
			isa = PBXGroup;
			children = (
				19F2649B29CC638100AFEADB /* URLSessionAndCombine */,
				19F2649A29CC638100AFEADB /* Products */,
			);
			sourceTree = "<group>";
		};
		19F2649A29CC638100AFEADB /* Products */ = {
			isa = PBXGroup;
			children = (
				19F2649929CC638100AFEADB /* URLSessionAndCombine.app */,
			);
			name = Products;
			sourceTree = "<group>";
		};
		19F2649B29CC638100AFEADB /* URLSessionAndCombine */ = {
			isa = PBXGroup;
			children = (
				19F2649C29CC638100AFEADB /* URLSessionAndCombineApp.swift */,
				19F2649E29CC638100AFEADB /* ContentView.swift */,
				19F264B329CC6AF200AFEADB /* View */,
				19F264BA29CCAA4100AFEADB /* ViewModel */,
				19F264B229CC6AEA00AFEADB /* Model */,
				19F264A029CC638200AFEADB /* Assets.xcassets */,
				19F264A229CC638200AFEADB /* Preview Content */,
			);
			path = URLSessionAndCombine;
			sourceTree = "<group>";
		};
		19F264A229CC638200AFEADB /* Preview Content */ = {
			isa = PBXGroup;
			children = (
				19F264A329CC638200AFEADB /* Preview Assets.xcassets */,
			);
			path = "Preview Content";
			sourceTree = "<group>";
		};
		19F264B229CC6AEA00AFEADB /* Model */ = {
			isa = PBXGroup;
			children = (
				19F264AA29CC63BA00AFEADB /* Beer.swift */,
			);
			path = Model;
			sourceTree = "<group>";
		};
		19F264B329CC6AF200AFEADB /* View */ = {
			isa = PBXGroup;
			children = (
				19F264AE29CC692400AFEADB /* BeersList.swift */,
				19F264B029CC6A5800AFEADB /* BeerRow.swift */,
				19F264B829CC6F3B00AFEADB /* Spinner.swift */,
			);
			path = View;
			sourceTree = "<group>";
		};
		19F264BA29CCAA4100AFEADB /* ViewModel */ = {
			isa = PBXGroup;
			children = (
				19F264B429CC6B9400AFEADB /* BeerViewModel.swift */,
			);
			path = ViewModel;
			sourceTree = "<group>";
		};
/* End PBXGroup section */

/* Begin PBXNativeTarget section */
		19F2649829CC638100AFEADB /* URLSessionAndCombine */ = {
			isa = PBXNativeTarget;
			buildConfigurationList = 19F264A729CC638200AFEADB /* Build configuration list for PBXNativeTarget "URLSessionAndCombine" */;
			buildPhases = (
				19F2649529CC638100AFEADB /* Sources */,
				19F2649629CC638100AFEADB /* Frameworks */,
				19F2649729CC638100AFEADB /* Resources */,
			);
			buildRules = (
			);
			dependencies = (
			);
			name = URLSessionAndCombine;
			productName = URLSessionAndCombine;
			productReference = 19F2649929CC638100AFEADB /* URLSessionAndCombine.app */;
			productType = "com.apple.product-type.application";
		};
/* End PBXNativeTarget section */

/* Begin PBXProject section */
		19F2649129CC638100AFEADB /* Project object */ = {
			isa = PBXProject;
			attributes = {
				BuildIndependentTargetsInParallel = 1;
				LastSwiftUpdateCheck = 1420;
				LastUpgradeCheck = 1420;
				TargetAttributes = {
					19F2649829CC638100AFEADB = {
						CreatedOnToolsVersion = 14.2;
					};
				};
			};
			buildConfigurationList = 19F2649429CC638100AFEADB /* Build configuration list for PBXProject "URLSessionAndCombine" */;
			compatibilityVersion = "Xcode 14.0";
			developmentRegion = en;
			hasScannedForEncodings = 0;
			knownRegions = (
				en,
				Base,
			);
			mainGroup = 19F2649029CC638100AFEADB;
			productRefGroup = 19F2649A29CC638100AFEADB /* Products */;
			projectDirPath = "";
			projectRoot = "";
			targets = (
				19F2649829CC638100AFEADB /* URLSessionAndCombine */,
			);
		};
/* End PBXProject section */

/* Begin PBXResourcesBuildPhase section */
		19F2649729CC638100AFEADB /* Resources */ = {
			isa = PBXResourcesBuildPhase;
			buildActionMask = 2147483647;
			files = (
				19F264A429CC638200AFEADB /* Preview Assets.xcassets in Resources */,
				19F264A129CC638200AFEADB /* Assets.xcassets in Resources */,
			);
			runOnlyForDeploymentPostprocessing = 0;
		};
/* End PBXResourcesBuildPhase section */

/* Begin PBXSourcesBuildPhase section */
		19F2649529CC638100AFEADB /* Sources */ = {
			isa = PBXSourcesBuildPhase;
			buildActionMask = 2147483647;
			files = (
				19F264B129CC6A5800AFEADB /* BeerRow.swift in Sources */,
				19F264AB29CC63BA00AFEADB /* Beer.swift in Sources */,
				19F264B529CC6B9400AFEADB /* BeerViewModel.swift in Sources */,
				19F2649F29CC638100AFEADB /* ContentView.swift in Sources */,
				19F2649D29CC638100AFEADB /* URLSessionAndCombineApp.swift in Sources */,
				19F264AF29CC692400AFEADB /* BeersList.swift in Sources */,
				19F264B929CC6F3B00AFEADB /* Spinner.swift in Sources */,
			);
			runOnlyForDeploymentPostprocessing = 0;
		};
/* End PBXSourcesBuildPhase section */

/* Begin XCBuildConfiguration section */
		19F264A529CC638200AFEADB /* Debug */ = {
			isa = XCBuildConfiguration;
			buildSettings = {
				ALWAYS_SEARCH_USER_PATHS = NO;
				CLANG_ANALYZER_NONNULL = YES;
				CLANG_ANALYZER_NUMBER_OBJECT_CONVERSION = YES_AGGRESSIVE;
				CLANG_CXX_LANGUAGE_STANDARD = "gnu++20";
				CLANG_ENABLE_MODULES = YES;
				CLANG_ENABLE_OBJC_ARC = YES;
				CLANG_ENABLE_OBJC_WEAK = YES;
				CLANG_WARN_BLOCK_CAPTURE_AUTORELEASING = YES;
				CLANG_WARN_BOOL_CONVERSION = YES;
				CLANG_WARN_COMMA = YES;
				CLANG_WARN_CONSTANT_CONVERSION = YES;
				CLANG_WARN_DEPRECATED_OBJC_IMPLEMENTATIONS = YES;
				CLANG_WARN_DIRECT_OBJC_ISA_USAGE = YES_ERROR;
				CLANG_WARN_DOCUMENTATION_COMMENTS = YES;
				CLANG_WARN_EMPTY_BODY = YES;
				CLANG_WARN_ENUM_CONVERSION = YES;
				CLANG_WARN_INFINITE_RECURSION = YES;
				CLANG_WARN_INT_CONVERSION = YES;
				CLANG_WARN_NON_LITERAL_NULL_CONVERSION = YES;
				CLANG_WARN_OBJC_IMPLICIT_RETAIN_SELF = YES;
				CLANG_WARN_OBJC_LITERAL_CONVERSION = YES;
				CLANG_WARN_OBJC_ROOT_CLASS = YES_ERROR;
				CLANG_WARN_QUOTED_INCLUDE_IN_FRAMEWORK_HEADER = YES;
				CLANG_WARN_RANGE_LOOP_ANALYSIS = YES;
				CLANG_WARN_STRICT_PROTOTYPES = YES;
				CLANG_WARN_SUSPICIOUS_MOVE = YES;
				CLANG_WARN_UNGUARDED_AVAILABILITY = YES_AGGRESSIVE;
				CLANG_WARN_UNREACHABLE_CODE = YES;
				CLANG_WARN__DUPLICATE_METHOD_MATCH = YES;
				COPY_PHASE_STRIP = NO;
				DEBUG_INFORMATION_FORMAT = dwarf;
				ENABLE_STRICT_OBJC_MSGSEND = YES;
				ENABLE_TESTABILITY = YES;
				GCC_C_LANGUAGE_STANDARD = gnu11;
				GCC_DYNAMIC_NO_PIC = NO;
				GCC_NO_COMMON_BLOCKS = YES;
				GCC_OPTIMIZATION_LEVEL = 0;
				GCC_PREPROCESSOR_DEFINITIONS = (
					"DEBUG=1",
					"$(inherited)",
				);
				GCC_WARN_64_TO_32_BIT_CONVERSION = YES;
				GCC_WARN_ABOUT_RETURN_TYPE = YES_ERROR;
				GCC_WARN_UNDECLARED_SELECTOR = YES;
				GCC_WARN_UNINITIALIZED_AUTOS = YES_AGGRESSIVE;
				GCC_WARN_UNUSED_FUNCTION = YES;
				GCC_WARN_UNUSED_VARIABLE = YES;
				IPHONEOS_DEPLOYMENT_TARGET = 16.2;
				MTL_ENABLE_DEBUG_INFO = INCLUDE_SOURCE;
				MTL_FAST_MATH = YES;
				ONLY_ACTIVE_ARCH = YES;
				SDKROOT = iphoneos;
				SWIFT_ACTIVE_COMPILATION_CONDITIONS = DEBUG;
				SWIFT_OPTIMIZATION_LEVEL = "-Onone";
			};
			name = Debug;
		};
		19F264A629CC638200AFEADB /* Release */ = {
			isa = XCBuildConfiguration;
			buildSettings = {
				ALWAYS_SEARCH_USER_PATHS = NO;
				CLANG_ANALYZER_NONNULL = YES;
				CLANG_ANALYZER_NUMBER_OBJECT_CONVERSION = YES_AGGRESSIVE;
				CLANG_CXX_LANGUAGE_STANDARD = "gnu++20";
				CLANG_ENABLE_MODULES = YES;
				CLANG_ENABLE_OBJC_ARC = YES;
				CLANG_ENABLE_OBJC_WEAK = YES;
				CLANG_WARN_BLOCK_CAPTURE_AUTORELEASING = YES;
				CLANG_WARN_BOOL_CONVERSION = YES;
				CLANG_WARN_COMMA = YES;
				CLANG_WARN_CONSTANT_CONVERSION = YES;
				CLANG_WARN_DEPRECATED_OBJC_IMPLEMENTATIONS = YES;
				CLANG_WARN_DIRECT_OBJC_ISA_USAGE = YES_ERROR;
				CLANG_WARN_DOCUMENTATION_COMMENTS = YES;
				CLANG_WARN_EMPTY_BODY = YES;
				CLANG_WARN_ENUM_CONVERSION = YES;
				CLANG_WARN_INFINITE_RECURSION = YES;
				CLANG_WARN_INT_CONVERSION = YES;
				CLANG_WARN_NON_LITERAL_NULL_CONVERSION = YES;
				CLANG_WARN_OBJC_IMPLICIT_RETAIN_SELF = YES;
				CLANG_WARN_OBJC_LITERAL_CONVERSION = YES;
				CLANG_WARN_OBJC_ROOT_CLASS = YES_ERROR;
				CLANG_WARN_QUOTED_INCLUDE_IN_FRAMEWORK_HEADER = YES;
				CLANG_WARN_RANGE_LOOP_ANALYSIS = YES;
				CLANG_WARN_STRICT_PROTOTYPES = YES;
				CLANG_WARN_SUSPICIOUS_MOVE = YES;
				CLANG_WARN_UNGUARDED_AVAILABILITY = YES_AGGRESSIVE;
				CLANG_WARN_UNREACHABLE_CODE = YES;
				CLANG_WARN__DUPLICATE_METHOD_MATCH = YES;
				COPY_PHASE_STRIP = NO;
				DEBUG_INFORMATION_FORMAT = "dwarf-with-dsym";
				ENABLE_NS_ASSERTIONS = NO;
				ENABLE_STRICT_OBJC_MSGSEND = YES;
				GCC_C_LANGUAGE_STANDARD = gnu11;
				GCC_NO_COMMON_BLOCKS = YES;
				GCC_WARN_64_TO_32_BIT_CONVERSION = YES;
				GCC_WARN_ABOUT_RETURN_TYPE = YES_ERROR;
				GCC_WARN_UNDECLARED_SELECTOR = YES;
				GCC_WARN_UNINITIALIZED_AUTOS = YES_AGGRESSIVE;
				GCC_WARN_UNUSED_FUNCTION = YES;
				GCC_WARN_UNUSED_VARIABLE = YES;
				IPHONEOS_DEPLOYMENT_TARGET = 16.2;
				MTL_ENABLE_DEBUG_INFO = NO;
				MTL_FAST_MATH = YES;
				SDKROOT = iphoneos;
				SWIFT_COMPILATION_MODE = wholemodule;
				SWIFT_OPTIMIZATION_LEVEL = "-O";
				VALIDATE_PRODUCT = YES;
			};
			name = Release;
		};
		19F264A829CC638200AFEADB /* Debug */ = {
			isa = XCBuildConfiguration;
			buildSettings = {
				ASSETCATALOG_COMPILER_APPICON_NAME = AppIcon;
				ASSETCATALOG_COMPILER_GLOBAL_ACCENT_COLOR_NAME = AccentColor;
				CODE_SIGN_STYLE = Automatic;
				CURRENT_PROJECT_VERSION = 1;
				DEVELOPMENT_ASSET_PATHS = "\"URLSessionAndCombine/Preview Content\"";
				DEVELOPMENT_TEAM = T9JHM99P78;
				ENABLE_PREVIEWS = YES;
				GENERATE_INFOPLIST_FILE = YES;
				INFOPLIST_KEY_UIApplicationSceneManifest_Generation = YES;
				INFOPLIST_KEY_UIApplicationSupportsIndirectInputEvents = YES;
				INFOPLIST_KEY_UILaunchScreen_Generation = YES;
				INFOPLIST_KEY_UISupportedInterfaceOrientations_iPad = "UIInterfaceOrientationPortrait UIInterfaceOrientationPortraitUpsideDown UIInterfaceOrientationLandscapeLeft UIInterfaceOrientationLandscapeRight";
				INFOPLIST_KEY_UISupportedInterfaceOrientations_iPhone = "UIInterfaceOrientationPortrait UIInterfaceOrientationLandscapeLeft UIInterfaceOrientationLandscapeRight";
				LD_RUNPATH_SEARCH_PATHS = (
					"$(inherited)",
					"@executable_path/Frameworks",
				);
				MARKETING_VERSION = 1.0;
				PRODUCT_BUNDLE_IDENTIFIER = jiajiatao.com.URLSessionAndCombine;
				PRODUCT_NAME = "$(TARGET_NAME)";
				SWIFT_EMIT_LOC_STRINGS = YES;
				SWIFT_VERSION = 5.0;
				TARGETED_DEVICE_FAMILY = "1,2";
			};
			name = Debug;
		};
		19F264A929CC638200AFEADB /* Release */ = {
			isa = XCBuildConfiguration;
			buildSettings = {
				ASSETCATALOG_COMPILER_APPICON_NAME = AppIcon;
				ASSETCATALOG_COMPILER_GLOBAL_ACCENT_COLOR_NAME = AccentColor;
				CODE_SIGN_STYLE = Automatic;
				CURRENT_PROJECT_VERSION = 1;
				DEVELOPMENT_ASSET_PATHS = "\"URLSessionAndCombine/Preview Content\"";
				DEVELOPMENT_TEAM = T9JHM99P78;
				ENABLE_PREVIEWS = YES;
				GENERATE_INFOPLIST_FILE = YES;
				INFOPLIST_KEY_UIApplicationSceneManifest_Generation = YES;
				INFOPLIST_KEY_UIApplicationSupportsIndirectInputEvents = YES;
				INFOPLIST_KEY_UILaunchScreen_Generation = YES;
				INFOPLIST_KEY_UISupportedInterfaceOrientations_iPad = "UIInterfaceOrientationPortrait UIInterfaceOrientationPortraitUpsideDown UIInterfaceOrientationLandscapeLeft UIInterfaceOrientationLandscapeRight";
				INFOPLIST_KEY_UISupportedInterfaceOrientations_iPhone = "UIInterfaceOrientationPortrait UIInterfaceOrientationLandscapeLeft UIInterfaceOrientationLandscapeRight";
				LD_RUNPATH_SEARCH_PATHS = (
					"$(inherited)",
					"@executable_path/Frameworks",
				);
				MARKETING_VERSION = 1.0;
				PRODUCT_BUNDLE_IDENTIFIER = jiajiatao.com.URLSessionAndCombine;
				PRODUCT_NAME = "$(TARGET_NAME)";
				SWIFT_EMIT_LOC_STRINGS = YES;
				SWIFT_VERSION = 5.0;
				TARGETED_DEVICE_FAMILY = "1,2";
			};
			name = Release;
		};
/* End XCBuildConfiguration section */

/* Begin XCConfigurationList section */
		19F2649429CC638100AFEADB /* Build configuration list for PBXProject "URLSessionAndCombine" */ = {
			isa = XCConfigurationList;
			buildConfigurations = (
				19F264A529CC638200AFEADB /* Debug */,
				19F264A629CC638200AFEADB /* Release */,
			);
			defaultConfigurationIsVisible = 0;
			defaultConfigurationName = Release;
		};
		19F264A729CC638200AFEADB /* Build configuration list for PBXNativeTarget "URLSessionAndCombine" */ = {
			isa = XCConfigurationList;
			buildConfigurations = (
				19F264A829CC638200AFEADB /* Debug */,
				19F264A929CC638200AFEADB /* Release */,
			);
			defaultConfigurationIsVisible = 0;
			defaultConfigurationName = Release;
		};
/* End XCConfigurationList section */
	};
	rootObject = 19F2649129CC638100AFEADB /* Project object */;
}
